
Microsoft Visual Studio Solution File, Format Version 12.00
Project("{FAE04EC0-301F-11D3-BF4B-00C04F79EFBC}") = "aspnetcore31.autofac", "aspnetcore31.autofac\aspnetcore31.autofac.csproj", "{EF6F2BEC-96BE-4E5D-8828-4FA2EDFD79ED}"
EndProject
Global
	GlobalSection(SolutionConfigurationPlatforms) = preSolution
		Debug|Any CPU = Debug|Any CPU
		Release|Any CPU = Release|Any CPU
	EndGlobalSection
	GlobalSection(ProjectConfigurationPlatforms) = postSolution
		{EF6F2BEC-96BE-4E5D-8828-4FA2EDFD79ED}.Debug|Any CPU.ActiveCfg = Debug|Any CPU
		{EF6F2BEC-96BE-4E5D-8828-4FA2EDFD79ED}.Debug|Any CPU.Build.0 = Debug|Any CPU
		{EF6F2BEC-96BE-4E5D-8828-4FA2EDFD79ED}.Release|Any CPU.ActiveCfg = Release|Any CPU
		{EF6F2BEC-96BE-4E5D-8828-4FA2EDFD79ED}.Release|Any CPU.Build.0 = Release|Any CPU
	EndGlobalSection
EndGlobal
